// !$*UTF8*$!
{
	archiveVersion = 1;
	classes = {
	};
	objectVersion = 50;
	objects = {

/* Begin PBXBuildFile section */
		1C0DEFB721F780EA000B3C88 /* GameUtils.swift in Sources */ = {isa = PBXBuildFile; fileRef = 1C0DEFB621F780EA000B3C88 /* GameUtils.swift */; };
		1C1EA9ED21F6B01100CAE7C4 /* CGFloat+Extensions.swift in Sources */ = {isa = PBXBuildFile; fileRef = 1C1EA9EC21F6B01100CAE7C4 /* CGFloat+Extensions.swift */; };
		1C4873402207E26600FC7B0B /* BoothLady.swift in Sources */ = {isa = PBXBuildFile; fileRef = 1C48733A2207E26500FC7B0B /* BoothLady.swift */; };
		1C4873412207E26600FC7B0B /* DreamWoman.swift in Sources */ = {isa = PBXBuildFile; fileRef = 1C48733B2207E26600FC7B0B /* DreamWoman.swift */; };
		1C4873422207E26600FC7B0B /* BoothLady.sks in Resources */ = {isa = PBXBuildFile; fileRef = 1C48733C2207E26600FC7B0B /* BoothLady.sks */; };
		1C4873432207E26600FC7B0B /* DreamWoman.sks in Resources */ = {isa = PBXBuildFile; fileRef = 1C48733D2207E26600FC7B0B /* DreamWoman.sks */; };
		1C4873442207E26600FC7B0B /* BoothScene.swift in Sources */ = {isa = PBXBuildFile; fileRef = 1C48733E2207E26600FC7B0B /* BoothScene.swift */; };
		1C4873452207E26600FC7B0B /* BoothScene.sks in Resources */ = {isa = PBXBuildFile; fileRef = 1C48733F2207E26600FC7B0B /* BoothScene.sks */; };
		1C5A873021FAAA3E0025E014 /* GirlScene.sks in Resources */ = {isa = PBXBuildFile; fileRef = 1C5A872F21FAAA3E0025E014 /* GirlScene.sks */; };
		1C5A873221FAAA610025E014 /* GirlScene.swift in Sources */ = {isa = PBXBuildFile; fileRef = 1C5A873121FAAA610025E014 /* GirlScene.swift */; };
		1C5A873521FAAC6D0025E014 /* Constants.swift in Sources */ = {isa = PBXBuildFile; fileRef = 1C5A873421FAAC6D0025E014 /* Constants.swift */; };
		1C5A873721FACD4F0025E014 /* GirlNode.swift in Sources */ = {isa = PBXBuildFile; fileRef = 1C5A873621FACD4F0025E014 /* GirlNode.swift */; };
		1CE6F51322020B630082F4E6 /* ambient2018jan20-quicktime.mp3 in Resources */ = {isa = PBXBuildFile; fileRef = 1CE6F51222020B630082F4E6 /* ambient2018jan20-quicktime.mp3 */; };
		1CEADC6C21F50FC900C05C6B /* AppDelegate.swift in Sources */ = {isa = PBXBuildFile; fileRef = 1CEADC6B21F50FC900C05C6B /* AppDelegate.swift */; };
		1CEADC6E21F50FC900C05C6B /* GameScene.sks in Resources */ = {isa = PBXBuildFile; fileRef = 1CEADC6D21F50FC900C05C6B /* GameScene.sks */; };
		1CEADC7021F50FC900C05C6B /* Actions.sks in Resources */ = {isa = PBXBuildFile; fileRef = 1CEADC6F21F50FC900C05C6B /* Actions.sks */; };
		1CEADC7221F50FC900C05C6B /* GameScene.swift in Sources */ = {isa = PBXBuildFile; fileRef = 1CEADC7121F50FC900C05C6B /* GameScene.swift */; };
		1CEADC7421F50FC900C05C6B /* GameViewController.swift in Sources */ = {isa = PBXBuildFile; fileRef = 1CEADC7321F50FC900C05C6B /* GameViewController.swift */; };
		1CEADC7721F50FC900C05C6B /* Main.storyboard in Resources */ = {isa = PBXBuildFile; fileRef = 1CEADC7521F50FC900C05C6B /* Main.storyboard */; };
		1CEADC7921F50FCB00C05C6B /* Assets.xcassets in Resources */ = {isa = PBXBuildFile; fileRef = 1CEADC7821F50FCB00C05C6B /* Assets.xcassets */; };
		1CEADC7C21F50FCB00C05C6B /* LaunchScreen.storyboard in Resources */ = {isa = PBXBuildFile; fileRef = 1CEADC7A21F50FCB00C05C6B /* LaunchScreen.storyboard */; };
		1CEADC8721F50FCC00C05C6B /* Boy_SampleTests.swift in Sources */ = {isa = PBXBuildFile; fileRef = 1CEADC8621F50FCC00C05C6B /* Boy_SampleTests.swift */; };
/* End PBXBuildFile section */

/* Begin PBXContainerItemProxy section */
		1CEADC8321F50FCC00C05C6B /* PBXContainerItemProxy */ = {
			isa = PBXContainerItemProxy;
			containerPortal = 1CEADC6021F50FC900C05C6B /* Project object */;
			proxyType = 1;
			remoteGlobalIDString = 1CEADC6721F50FC900C05C6B;
			remoteInfo = Boy_Sample;
		};
/* End PBXContainerItemProxy section */

/* Begin PBXFileReference section */
		1C02B92D2201DCFA001BF466 /* ambient2018jan20.flac */ = {isa = PBXFileReference; lastKnownFileType = file; path = ambient2018jan20.flac; sourceTree = "<group>"; };
		1C0DEFB621F780EA000B3C88 /* GameUtils.swift */ = {isa = PBXFileReference; fileEncoding = 4; lastKnownFileType = sourcecode.swift; path = GameUtils.swift; sourceTree = "<group>"; };
		1C1EA9EC21F6B01100CAE7C4 /* CGFloat+Extensions.swift */ = {isa = PBXFileReference; fileEncoding = 4; lastKnownFileType = sourcecode.swift; path = "CGFloat+Extensions.swift"; sourceTree = "<group>"; };
		1C48733A2207E26500FC7B0B /* BoothLady.swift */ = {isa = PBXFileReference; fileEncoding = 4; lastKnownFileType = sourcecode.swift; path = BoothLady.swift; sourceTree = "<group>"; };
		1C48733B2207E26600FC7B0B /* DreamWoman.swift */ = {isa = PBXFileReference; fileEncoding = 4; lastKnownFileType = sourcecode.swift; path = DreamWoman.swift; sourceTree = "<group>"; };
		1C48733C2207E26600FC7B0B /* BoothLady.sks */ = {isa = PBXFileReference; lastKnownFileType = file.sks; path = BoothLady.sks; sourceTree = "<group>"; };
		1C48733D2207E26600FC7B0B /* DreamWoman.sks */ = {isa = PBXFileReference; lastKnownFileType = file.sks; path = DreamWoman.sks; sourceTree = "<group>"; };
		1C48733E2207E26600FC7B0B /* BoothScene.swift */ = {isa = PBXFileReference; fileEncoding = 4; lastKnownFileType = sourcecode.swift; path = BoothScene.swift; sourceTree = "<group>"; };
		1C48733F2207E26600FC7B0B /* BoothScene.sks */ = {isa = PBXFileReference; lastKnownFileType = file.sks; path = BoothScene.sks; sourceTree = "<group>"; };
		1C5A872F21FAAA3E0025E014 /* GirlScene.sks */ = {isa = PBXFileReference; lastKnownFileType = file.sks; path = GirlScene.sks; sourceTree = "<group>"; };
		1C5A873121FAAA610025E014 /* GirlScene.swift */ = {isa = PBXFileReference; lastKnownFileType = sourcecode.swift; path = GirlScene.swift; sourceTree = "<group>"; };
		1C5A873421FAAC6D0025E014 /* Constants.swift */ = {isa = PBXFileReference; lastKnownFileType = sourcecode.swift; path = Constants.swift; sourceTree = "<group>"; };
		1C5A873621FACD4F0025E014 /* GirlNode.swift */ = {isa = PBXFileReference; lastKnownFileType = sourcecode.swift; name = GirlNode.swift; path = Boy_Sample/GirlNode.swift; sourceTree = SOURCE_ROOT; };
		1CE6F51122020ACE0082F4E6 /* ambient2018jan20.flac */ = {isa = PBXFileReference; lastKnownFileType = file; path = ambient2018jan20.flac; sourceTree = "<group>"; };
		1CE6F51222020B630082F4E6 /* ambient2018jan20-quicktime.mp3 */ = {isa = PBXFileReference; lastKnownFileType = audio.mp3; path = "ambient2018jan20-quicktime.mp3"; sourceTree = "<group>"; };
		1CEADC6821F50FC900C05C6B /* Boy_Sample.app */ = {isa = PBXFileReference; explicitFileType = wrapper.application; includeInIndex = 0; path = Boy_Sample.app; sourceTree = BUILT_PRODUCTS_DIR; };
		1CEADC6B21F50FC900C05C6B /* AppDelegate.swift */ = {isa = PBXFileReference; lastKnownFileType = sourcecode.swift; path = AppDelegate.swift; sourceTree = "<group>"; };
		1CEADC6D21F50FC900C05C6B /* GameScene.sks */ = {isa = PBXFileReference; lastKnownFileType = file.sks; path = GameScene.sks; sourceTree = "<group>"; };
		1CEADC6F21F50FC900C05C6B /* Actions.sks */ = {isa = PBXFileReference; lastKnownFileType = file.sks; path = Actions.sks; sourceTree = "<group>"; };
		1CEADC7121F50FC900C05C6B /* GameScene.swift */ = {isa = PBXFileReference; lastKnownFileType = sourcecode.swift; path = GameScene.swift; sourceTree = "<group>"; };
		1CEADC7321F50FC900C05C6B /* GameViewController.swift */ = {isa = PBXFileReference; lastKnownFileType = sourcecode.swift; path = GameViewController.swift; sourceTree = "<group>"; };
		1CEADC7621F50FC900C05C6B /* Base */ = {isa = PBXFileReference; lastKnownFileType = file.storyboard; name = Base; path = Base.lproj/Main.storyboard; sourceTree = "<group>"; };
		1CEADC7821F50FCB00C05C6B /* Assets.xcassets */ = {isa = PBXFileReference; lastKnownFileType = folder.assetcatalog; path = Assets.xcassets; sourceTree = "<group>"; };
		1CEADC7B21F50FCB00C05C6B /* Base */ = {isa = PBXFileReference; lastKnownFileType = file.storyboard; name = Base; path = Base.lproj/LaunchScreen.storyboard; sourceTree = "<group>"; };
		1CEADC7D21F50FCB00C05C6B /* Info.plist */ = {isa = PBXFileReference; lastKnownFileType = text.plist.xml; path = Info.plist; sourceTree = "<group>"; };
		1CEADC8221F50FCC00C05C6B /* Boy_SampleTests.xctest */ = {isa = PBXFileReference; explicitFileType = wrapper.cfbundle; includeInIndex = 0; path = Boy_SampleTests.xctest; sourceTree = BUILT_PRODUCTS_DIR; };
		1CEADC8621F50FCC00C05C6B /* Boy_SampleTests.swift */ = {isa = PBXFileReference; lastKnownFileType = sourcecode.swift; path = Boy_SampleTests.swift; sourceTree = "<group>"; };
		1CEADC8821F50FCC00C05C6B /* Info.plist */ = {isa = PBXFileReference; lastKnownFileType = text.plist.xml; path = Info.plist; sourceTree = "<group>"; };
/* End PBXFileReference section */

/* Begin PBXFrameworksBuildPhase section */
		1CEADC6521F50FC900C05C6B /* Frameworks */ = {
			isa = PBXFrameworksBuildPhase;
			buildActionMask = 2147483647;
			files = (
			);
			runOnlyForDeploymentPostprocessing = 0;
		};
		1CEADC7F21F50FCC00C05C6B /* Frameworks */ = {
			isa = PBXFrameworksBuildPhase;
			buildActionMask = 2147483647;
			files = (
			);
			runOnlyForDeploymentPostprocessing = 0;
		};
/* End PBXFrameworksBuildPhase section */

/* Begin PBXGroup section */
		1C02B92E2201DCFE001BF466 /* Music */ = {
			isa = PBXGroup;
			children = (
				1C02B92D2201DCFA001BF466 /* ambient2018jan20.flac */,
			);
			path = Music;
			sourceTree = "<group>";
		};
		1C02B92F2201DD0D001BF466 /* GameUtilities */ = {
			isa = PBXGroup;
			children = (
				1C0DEFB621F780EA000B3C88 /* GameUtils.swift */,
				1C1EA9EC21F6B01100CAE7C4 /* CGFloat+Extensions.swift */,
			);
			path = GameUtilities;
			sourceTree = "<group>";
		};
		1C4873372207E12800FC7B0B /* GameScene */ = {
			isa = PBXGroup;
			children = (
				1CEADC6D21F50FC900C05C6B /* GameScene.sks */,
				1CEADC7121F50FC900C05C6B /* GameScene.swift */,
			);
			path = GameScene;
			sourceTree = "<group>";
		};
		1C4873382207E13900FC7B0B /* GirlScene */ = {
			isa = PBXGroup;
			children = (
				1C5A873121FAAA610025E014 /* GirlScene.swift */,
				1C5A872F21FAAA3E0025E014 /* GirlScene.sks */,
			);
			path = GirlScene;
			sourceTree = "<group>";
		};
		1C4873392207E15900FC7B0B /* BoothLady */ = {
			isa = PBXGroup;
			children = (
				1C48733A2207E26500FC7B0B /* BoothLady.swift */,
				1C48733C2207E26600FC7B0B /* BoothLady.sks */,
			);
			path = BoothLady;
			sourceTree = "<group>";
		};
		1C4873462207E2BD00FC7B0B /* BoothScene */ = {
			isa = PBXGroup;
			children = (
				1C48733F2207E26600FC7B0B /* BoothScene.sks */,
				1C48733E2207E26600FC7B0B /* BoothScene.swift */,
			);
			path = BoothScene;
			sourceTree = "<group>";
		};
		1C4873472207FC8A00FC7B0B /* PeopleScenes */ = {
			isa = PBXGroup;
			children = (
				1C4873482207FCA000FC7B0B /* DreamLady */,
				1C4873382207E13900FC7B0B /* GirlScene */,
				1C4873392207E15900FC7B0B /* BoothLady */,
			);
			path = PeopleScenes;
			sourceTree = "<group>";
		};
		1C4873482207FCA000FC7B0B /* DreamLady */ = {
			isa = PBXGroup;
			children = (
				1C48733D2207E26600FC7B0B /* DreamWoman.sks */,
				1C48733B2207E26600FC7B0B /* DreamWoman.swift */,
			);
			path = DreamLady;
			sourceTree = "<group>";
		};
		1C5A873321FAABD90025E014 /* GameScenes */ = {
			isa = PBXGroup;
			children = (
				1C4873372207E12800FC7B0B /* GameScene */,
				1C4873462207E2BD00FC7B0B /* BoothScene */,
				1C4873472207FC8A00FC7B0B /* PeopleScenes */,
				1CEADC6F21F50FC900C05C6B /* Actions.sks */,
			);
			path = GameScenes;
			sourceTree = "<group>";
		};
		1CEADC5F21F50FC900C05C6B = {
			isa = PBXGroup;
			children = (
				1CEADC6A21F50FC900C05C6B /* Boy_Sample */,
				1CEADC8521F50FCC00C05C6B /* Boy_SampleTests */,
				1CEADC6921F50FC900C05C6B /* Products */,
			);
			sourceTree = "<group>";
		};
		1CEADC6921F50FC900C05C6B /* Products */ = {
			isa = PBXGroup;
			children = (
				1CEADC6821F50FC900C05C6B /* Boy_Sample.app */,
				1CEADC8221F50FCC00C05C6B /* Boy_SampleTests.xctest */,
			);
			name = Products;
			sourceTree = "<group>";
		};
		1CEADC6A21F50FC900C05C6B /* Boy_Sample */ = {
			isa = PBXGroup;
			children = (
				1CEADC6B21F50FC900C05C6B /* AppDelegate.swift */,
				1C5A873421FAAC6D0025E014 /* Constants.swift */,
				1C5A873621FACD4F0025E014 /* GirlNode.swift */,
				1C5A873321FAABD90025E014 /* GameScenes */,
				1CEADC7321F50FC900C05C6B /* GameViewController.swift */,
				1C02B92F2201DD0D001BF466 /* GameUtilities */,
				1C02B92E2201DCFE001BF466 /* Music */,
				1CEADC7521F50FC900C05C6B /* Main.storyboard */,
				1CE6F51122020ACE0082F4E6 /* ambient2018jan20.flac */,
				1CE6F51222020B630082F4E6 /* ambient2018jan20-quicktime.mp3 */,
				1CEADC7821F50FCB00C05C6B /* Assets.xcassets */,
				1CEADC7A21F50FCB00C05C6B /* LaunchScreen.storyboard */,
				1CEADC7D21F50FCB00C05C6B /* Info.plist */,
			);
			path = Boy_Sample;
			sourceTree = "<group>";
		};
		1CEADC8521F50FCC00C05C6B /* Boy_SampleTests */ = {
			isa = PBXGroup;
			children = (
				1CEADC8621F50FCC00C05C6B /* Boy_SampleTests.swift */,
				1CEADC8821F50FCC00C05C6B /* Info.plist */,
			);
			path = Boy_SampleTests;
			sourceTree = "<group>";
		};
/* End PBXGroup section */

/* Begin PBXNativeTarget section */
		1CEADC6721F50FC900C05C6B /* Boy_Sample */ = {
			isa = PBXNativeTarget;
			buildConfigurationList = 1CEADC8B21F50FCC00C05C6B /* Build configuration list for PBXNativeTarget "Boy_Sample" */;
			buildPhases = (
				1CEADC6421F50FC900C05C6B /* Sources */,
				1CEADC6521F50FC900C05C6B /* Frameworks */,
				1CEADC6621F50FC900C05C6B /* Resources */,
			);
			buildRules = (
			);
			dependencies = (
			);
			name = Boy_Sample;
			productName = Boy_Sample;
			productReference = 1CEADC6821F50FC900C05C6B /* Boy_Sample.app */;
			productType = "com.apple.product-type.application";
		};
		1CEADC8121F50FCC00C05C6B /* Boy_SampleTests */ = {
			isa = PBXNativeTarget;
			buildConfigurationList = 1CEADC8E21F50FCC00C05C6B /* Build configuration list for PBXNativeTarget "Boy_SampleTests" */;
			buildPhases = (
				1CEADC7E21F50FCC00C05C6B /* Sources */,
				1CEADC7F21F50FCC00C05C6B /* Frameworks */,
				1CEADC8021F50FCC00C05C6B /* Resources */,
			);
			buildRules = (
			);
			dependencies = (
				1CEADC8421F50FCC00C05C6B /* PBXTargetDependency */,
			);
			name = Boy_SampleTests;
			productName = Boy_SampleTests;
			productReference = 1CEADC8221F50FCC00C05C6B /* Boy_SampleTests.xctest */;
			productType = "com.apple.product-type.bundle.unit-test";
		};
/* End PBXNativeTarget section */

/* Begin PBXProject section */
		1CEADC6021F50FC900C05C6B /* Project object */ = {
			isa = PBXProject;
			attributes = {
				LastSwiftUpdateCheck = 1010;
				LastUpgradeCheck = 1010;
				ORGANIZATIONNAME = "Romy Ilano";
				TargetAttributes = {
					1CEADC6721F50FC900C05C6B = {
						CreatedOnToolsVersion = 10.1;
					};
					1CEADC8121F50FCC00C05C6B = {
						CreatedOnToolsVersion = 10.1;
						TestTargetID = 1CEADC6721F50FC900C05C6B;
					};
				};
			};
			buildConfigurationList = 1CEADC6321F50FC900C05C6B /* Build configuration list for PBXProject "Boy_Sample" */;
			compatibilityVersion = "Xcode 9.3";
			developmentRegion = en;
			hasScannedForEncodings = 0;
			knownRegions = (
				en,
				Base,
			);
			mainGroup = 1CEADC5F21F50FC900C05C6B;
			productRefGroup = 1CEADC6921F50FC900C05C6B /* Products */;
			projectDirPath = "";
			projectRoot = "";
			targets = (
				1CEADC6721F50FC900C05C6B /* Boy_Sample */,
				1CEADC8121F50FCC00C05C6B /* Boy_SampleTests */,
			);
		};
/* End PBXProject section */

/* Begin PBXResourcesBuildPhase section */
		1CEADC6621F50FC900C05C6B /* Resources */ = {
			isa = PBXResourcesBuildPhase;
			buildActionMask = 2147483647;
			files = (
				1CEADC7721F50FC900C05C6B /* Main.storyboard in Resources */,
				1C4873452207E26600FC7B0B /* BoothScene.sks in Resources */,
				1CEADC6E21F50FC900C05C6B /* GameScene.sks in Resources */,
				1C4873422207E26600FC7B0B /* BoothLady.sks in Resources */,
				1C5A873021FAAA3E0025E014 /* GirlScene.sks in Resources */,
				1CEADC7921F50FCB00C05C6B /* Assets.xcassets in Resources */,
				1CEADC7C21F50FCB00C05C6B /* LaunchScreen.storyboard in Resources */,
				1CEADC7021F50FC900C05C6B /* Actions.sks in Resources */,
				1C4873432207E26600FC7B0B /* DreamWoman.sks in Resources */,
				1CE6F51322020B630082F4E6 /* ambient2018jan20-quicktime.mp3 in Resources */,
			);
			runOnlyForDeploymentPostprocessing = 0;
		};
		1CEADC8021F50FCC00C05C6B /* Resources */ = {
			isa = PBXResourcesBuildPhase;
			buildActionMask = 2147483647;
			files = (
			);
			runOnlyForDeploymentPostprocessing = 0;
		};
/* End PBXResourcesBuildPhase section */

/* Begin PBXSourcesBuildPhase section */
		1CEADC6421F50FC900C05C6B /* Sources */ = {
			isa = PBXSourcesBuildPhase;
			buildActionMask = 2147483647;
			files = (
				1CEADC7221F50FC900C05C6B /* GameScene.swift in Sources */,
				1CEADC7421F50FC900C05C6B /* GameViewController.swift in Sources */,
				1C4873412207E26600FC7B0B /* DreamWoman.swift in Sources */,
				1C0DEFB721F780EA000B3C88 /* GameUtils.swift in Sources */,
				1C1EA9ED21F6B01100CAE7C4 /* CGFloat+Extensions.swift in Sources */,
				1C5A873521FAAC6D0025E014 /* Constants.swift in Sources */,
				1C5A873721FACD4F0025E014 /* GirlNode.swift in Sources */,
				1C5A873221FAAA610025E014 /* GirlScene.swift in Sources */,
				1CEADC6C21F50FC900C05C6B /* AppDelegate.swift in Sources */,
				1C4873402207E26600FC7B0B /* BoothLady.swift in Sources */,
				1C4873442207E26600FC7B0B /* BoothScene.swift in Sources */,
			);
			runOnlyForDeploymentPostprocessing = 0;
		};
		1CEADC7E21F50FCC00C05C6B /* Sources */ = {
			isa = PBXSourcesBuildPhase;
			buildActionMask = 2147483647;
			files = (
				1CEADC8721F50FCC00C05C6B /* Boy_SampleTests.swift in Sources */,
			);
			runOnlyForDeploymentPostprocessing = 0;
		};
/* End PBXSourcesBuildPhase section */

/* Begin PBXTargetDependency section */
		1CEADC8421F50FCC00C05C6B /* PBXTargetDependency */ = {
			isa = PBXTargetDependency;
			target = 1CEADC6721F50FC900C05C6B /* Boy_Sample */;
			targetProxy = 1CEADC8321F50FCC00C05C6B /* PBXContainerItemProxy */;
		};
/* End PBXTargetDependency section */

/* Begin PBXVariantGroup section */
		1CEADC7521F50FC900C05C6B /* Main.storyboard */ = {
			isa = PBXVariantGroup;
			children = (
				1CEADC7621F50FC900C05C6B /* Base */,
			);
			name = Main.storyboard;
			sourceTree = "<group>";
		};
		1CEADC7A21F50FCB00C05C6B /* LaunchScreen.storyboard */ = {
			isa = PBXVariantGroup;
			children = (
				1CEADC7B21F50FCB00C05C6B /* Base */,
			);
			name = LaunchScreen.storyboard;
			sourceTree = "<group>";
		};
/* End PBXVariantGroup section */

/* Begin XCBuildConfiguration section */
		1CEADC8921F50FCC00C05C6B /* Debug */ = {
			isa = XCBuildConfiguration;
			buildSettings = {
				ALWAYS_SEARCH_USER_PATHS = NO;
				CLANG_ANALYZER_NONNULL = YES;
				CLANG_ANALYZER_NUMBER_OBJECT_CONVERSION = YES_AGGRESSIVE;
				CLANG_CXX_LANGUAGE_STANDARD = "gnu++14";
				CLANG_CXX_LIBRARY = "libc++";
				CLANG_ENABLE_MODULES = YES;
				CLANG_ENABLE_OBJC_ARC = YES;
				CLANG_ENABLE_OBJC_WEAK = YES;
				CLANG_WARN_BLOCK_CAPTURE_AUTORELEASING = YES;
				CLANG_WARN_BOOL_CONVERSION = YES;
				CLANG_WARN_COMMA = YES;
				CLANG_WARN_CONSTANT_CONVERSION = YES;
				CLANG_WARN_DEPRECATED_OBJC_IMPLEMENTATIONS = YES;
				CLANG_WARN_DIRECT_OBJC_ISA_USAGE = YES_ERROR;
				CLANG_WARN_DOCUMENTATION_COMMENTS = YES;
				CLANG_WARN_EMPTY_BODY = YES;
				CLANG_WARN_ENUM_CONVERSION = YES;
				CLANG_WARN_INFINITE_RECURSION = YES;
				CLANG_WARN_INT_CONVERSION = YES;
				CLANG_WARN_NON_LITERAL_NULL_CONVERSION = YES;
				CLANG_WARN_OBJC_IMPLICIT_RETAIN_SELF = YES;
				CLANG_WARN_OBJC_LITERAL_CONVERSION = YES;
				CLANG_WARN_OBJC_ROOT_CLASS = YES_ERROR;
				CLANG_WARN_RANGE_LOOP_ANALYSIS = YES;
				CLANG_WARN_STRICT_PROTOTYPES = YES;
				CLANG_WARN_SUSPICIOUS_MOVE = YES;
				CLANG_WARN_UNGUARDED_AVAILABILITY = YES_AGGRESSIVE;
				CLANG_WARN_UNREACHABLE_CODE = YES;
				CLANG_WARN__DUPLICATE_METHOD_MATCH = YES;
				CODE_SIGN_IDENTITY = "iPhone Developer";
				COPY_PHASE_STRIP = NO;
				DEBUG_INFORMATION_FORMAT = dwarf;
				ENABLE_STRICT_OBJC_MSGSEND = YES;
				ENABLE_TESTABILITY = YES;
				GCC_C_LANGUAGE_STANDARD = gnu11;
				GCC_DYNAMIC_NO_PIC = NO;
				GCC_NO_COMMON_BLOCKS = YES;
				GCC_OPTIMIZATION_LEVEL = 0;
				GCC_PREPROCESSOR_DEFINITIONS = (
					"DEBUG=1",
					"$(inherited)",
				);
				GCC_WARN_64_TO_32_BIT_CONVERSION = YES;
				GCC_WARN_ABOUT_RETURN_TYPE = YES_ERROR;
				GCC_WARN_UNDECLARED_SELECTOR = YES;
				GCC_WARN_UNINITIALIZED_AUTOS = YES_AGGRESSIVE;
				GCC_WARN_UNUSED_FUNCTION = YES;
				GCC_WARN_UNUSED_VARIABLE = YES;
				IPHONEOS_DEPLOYMENT_TARGET = 12.1;
				MTL_ENABLE_DEBUG_INFO = INCLUDE_SOURCE;
				MTL_FAST_MATH = YES;
				ONLY_ACTIVE_ARCH = YES;
				SDKROOT = iphoneos;
				SWIFT_ACTIVE_COMPILATION_CONDITIONS = DEBUG;
				SWIFT_OPTIMIZATION_LEVEL = "-Onone";
			};
			name = Debug;
		};
		1CEADC8A21F50FCC00C05C6B /* Release */ = {
			isa = XCBuildConfiguration;
			buildSettings = {
				ALWAYS_SEARCH_USER_PATHS = NO;
				CLANG_ANALYZER_NONNULL = YES;
				CLANG_ANALYZER_NUMBER_OBJECT_CONVERSION = YES_AGGRESSIVE;
				CLANG_CXX_LANGUAGE_STANDARD = "gnu++14";
				CLANG_CXX_LIBRARY = "libc++";
				CLANG_ENABLE_MODULES = YES;
				CLANG_ENABLE_OBJC_ARC = YES;
				CLANG_ENABLE_OBJC_WEAK = YES;
				CLANG_WARN_BLOCK_CAPTURE_AUTORELEASING = YES;
				CLANG_WARN_BOOL_CONVERSION = YES;
				CLANG_WARN_COMMA = YES;
				CLANG_WARN_CONSTANT_CONVERSION = YES;
				CLANG_WARN_DEPRECATED_OBJC_IMPLEMENTATIONS = YES;
				CLANG_WARN_DIRECT_OBJC_ISA_USAGE = YES_ERROR;
				CLANG_WARN_DOCUMENTATION_COMMENTS = YES;
				CLANG_WARN_EMPTY_BODY = YES;
				CLANG_WARN_ENUM_CONVERSION = YES;
				CLANG_WARN_INFINITE_RECURSION = YES;
				CLANG_WARN_INT_CONVERSION = YES;
				CLANG_WARN_NON_LITERAL_NULL_CONVERSION = YES;
				CLANG_WARN_OBJC_IMPLICIT_RETAIN_SELF = YES;
				CLANG_WARN_OBJC_LITERAL_CONVERSION = YES;
				CLANG_WARN_OBJC_ROOT_CLASS = YES_ERROR;
				CLANG_WARN_RANGE_LOOP_ANALYSIS = YES;
				CLANG_WARN_STRICT_PROTOTYPES = YES;
				CLANG_WARN_SUSPICIOUS_MOVE = YES;
				CLANG_WARN_UNGUARDED_AVAILABILITY = YES_AGGRESSIVE;
				CLANG_WARN_UNREACHABLE_CODE = YES;
				CLANG_WARN__DUPLICATE_METHOD_MATCH = YES;
				CODE_SIGN_IDENTITY = "iPhone Developer";
				COPY_PHASE_STRIP = NO;
				DEBUG_INFORMATION_FORMAT = "dwarf-with-dsym";
				ENABLE_NS_ASSERTIONS = NO;
				ENABLE_STRICT_OBJC_MSGSEND = YES;
				GCC_C_LANGUAGE_STANDARD = gnu11;
				GCC_NO_COMMON_BLOCKS = YES;
				GCC_WARN_64_TO_32_BIT_CONVERSION = YES;
				GCC_WARN_ABOUT_RETURN_TYPE = YES_ERROR;
				GCC_WARN_UNDECLARED_SELECTOR = YES;
				GCC_WARN_UNINITIALIZED_AUTOS = YES_AGGRESSIVE;
				GCC_WARN_UNUSED_FUNCTION = YES;
				GCC_WARN_UNUSED_VARIABLE = YES;
				IPHONEOS_DEPLOYMENT_TARGET = 12.1;
				MTL_ENABLE_DEBUG_INFO = NO;
				MTL_FAST_MATH = YES;
				SDKROOT = iphoneos;
				SWIFT_COMPILATION_MODE = wholemodule;
				SWIFT_OPTIMIZATION_LEVEL = "-O";
				VALIDATE_PRODUCT = YES;
			};
			name = Release;
		};
		1CEADC8C21F50FCC00C05C6B /* Debug */ = {
			isa = XCBuildConfiguration;
			buildSettings = {
				ASSETCATALOG_COMPILER_APPICON_NAME = AppIcon;
				CODE_SIGN_STYLE = Automatic;
				DEVELOPMENT_TEAM = 6K559Y986U;
				INFOPLIST_FILE = Boy_Sample/Info.plist;
				LD_RUNPATH_SEARCH_PATHS = (
					"$(inherited)",
					"@executable_path/Frameworks",
				);
				PRODUCT_BUNDLE_IDENTIFIER = "com.snowyla..Boy-Sample";
				PRODUCT_NAME = "$(TARGET_NAME)";
				SWIFT_VERSION = 4.2;
				TARGETED_DEVICE_FAMILY = "1,2";
			};
			name = Debug;
		};
		1CEADC8D21F50FCC00C05C6B /* Release */ = {
			isa = XCBuildConfiguration;
			buildSettings = {
				ASSETCATALOG_COMPILER_APPICON_NAME = AppIcon;
				CODE_SIGN_STYLE = Automatic;
				DEVELOPMENT_TEAM = 6K559Y986U;
				INFOPLIST_FILE = Boy_Sample/Info.plist;
				LD_RUNPATH_SEARCH_PATHS = (
					"$(inherited)",
					"@executable_path/Frameworks",
				);
				PRODUCT_BUNDLE_IDENTIFIER = "com.snowyla..Boy-Sample";
				PRODUCT_NAME = "$(TARGET_NAME)";
				SWIFT_VERSION = 4.2;
				TARGETED_DEVICE_FAMILY = "1,2";
			};
			name = Release;
		};
		1CEADC8F21F50FCC00C05C6B /* Debug */ = {
			isa = XCBuildConfiguration;
			buildSettings = {
				ALWAYS_EMBED_SWIFT_STANDARD_LIBRARIES = YES;
				BUNDLE_LOADER = "$(TEST_HOST)";
				CODE_SIGN_STYLE = Automatic;
				DEVELOPMENT_TEAM = 6K559Y986U;
				INFOPLIST_FILE = Boy_SampleTests/Info.plist;
				LD_RUNPATH_SEARCH_PATHS = (
					"$(inherited)",
					"@executable_path/Frameworks",
					"@loader_path/Frameworks",
				);
				PRODUCT_BUNDLE_IDENTIFIER = "com.snowyla..Boy-SampleTests";
				PRODUCT_NAME = "$(TARGET_NAME)";
				SWIFT_VERSION = 4.2;
				TARGETED_DEVICE_FAMILY = "1,2";
				TEST_HOST = "$(BUILT_PRODUCTS_DIR)/Boy_Sample.app/Boy_Sample";
			};
			name = Debug;
		};
		1CEADC9021F50FCC00C05C6B /* Release */ = {
			isa = XCBuildConfiguration;
			buildSettings = {
				ALWAYS_EMBED_SWIFT_STANDARD_LIBRARIES = YES;
				BUNDLE_LOADER = "$(TEST_HOST)";
				CODE_SIGN_STYLE = Automatic;
				DEVELOPMENT_TEAM = 6K559Y986U;
				INFOPLIST_FILE = Boy_SampleTests/Info.plist;
				LD_RUNPATH_SEARCH_PATHS = (
					"$(inherited)",
					"@executable_path/Frameworks",
					"@loader_path/Frameworks",
				);
				PRODUCT_BUNDLE_IDENTIFIER = "com.snowyla..Boy-SampleTests";
				PRODUCT_NAME = "$(TARGET_NAME)";
				SWIFT_VERSION = 4.2;
				TARGETED_DEVICE_FAMILY = "1,2";
				TEST_HOST = "$(BUILT_PRODUCTS_DIR)/Boy_Sample.app/Boy_Sample";
			};
			name = Release;
		};
/* End XCBuildConfiguration section */

/* Begin XCConfigurationList section */
		1CEADC6321F50FC900C05C6B /* Build configuration list for PBXProject "Boy_Sample" */ = {
			isa = XCConfigurationList;
			buildConfigurations = (
				1CEADC8921F50FCC00C05C6B /* Debug */,
				1CEADC8A21F50FCC00C05C6B /* Release */,
			);
			defaultConfigurationIsVisible = 0;
			defaultConfigurationName = Release;
		};
		1CEADC8B21F50FCC00C05C6B /* Build configuration list for PBXNativeTarget "Boy_Sample" */ = {
			isa = XCConfigurationList;
			buildConfigurations = (
				1CEADC8C21F50FCC00C05C6B /* Debug */,
				1CEADC8D21F50FCC00C05C6B /* Release */,
			);
			defaultConfigurationIsVisible = 0;
			defaultConfigurationName = Release;
		};
		1CEADC8E21F50FCC00C05C6B /* Build configuration list for PBXNativeTarget "Boy_SampleTests" */ = {
			isa = XCConfigurationList;
			buildConfigurations = (
				1CEADC8F21F50FCC00C05C6B /* Debug */,
				1CEADC9021F50FCC00C05C6B /* Release */,
			);
			defaultConfigurationIsVisible = 0;
			defaultConfigurationName = Release;
		};
/* End XCConfigurationList section */
	};
	rootObject = 1CEADC6021F50FC900C05C6B /* Project object */;
}
